
Microsoft Visual Studio Solution File, Format Version 12.00
# Visual Studio 15
VisualStudioVersion = 15.0.27703.2047
MinimumVisualStudioVersion = 10.0.40219.1
Project("{8BC9CEB8-8B4A-11D0-8D11-00A0C91BC942}") = "Project2", "Project2.vcxproj", "{5B4604BF-DFC6-44AD-B75A-FF3B56F8F3CD}"
EndProject
Global
	GlobalSection(SolutionConfigurationPlatforms) = preSolution
		Debug|x64 = Debug|x64
		Debug|x86 = Debug|x86
		Release|x64 = Release|x64
		Release|x86 = Release|x86
	EndGlobalSection
	GlobalSection(ProjectConfigurationPlatforms) = postSolution
		{5B4604BF-DFC6-44AD-B75A-FF3B56F8F3CD}.Debug|x64.ActiveCfg = Debug|x64
		{5B4604BF-DFC6-44AD-B75A-FF3B56F8F3CD}.Debug|x64.Build.0 = Debug|x64
		{5B4604BF-DFC6-44AD-B75A-FF3B56F8F3CD}.Debug|x86.ActiveCfg = Debug|Win32
		{5B4604BF-DFC6-44AD-B75A-FF3B56F8F3CD}.Debug|x86.Build.0 = Debug|Win32
		{5B4604BF-DFC6-44AD-B75A-FF3B56F8F3CD}.Release|x64.ActiveCfg = Release|x64
		{5B4604BF-DFC6-44AD-B75A-FF3B56F8F3CD}.Release|x64.Build.0 = Release|x64
		{5B4604BF-DFC6-44AD-B75A-FF3B56F8F3CD}.Release|x86.ActiveCfg = Release|Win32
		{5B4604BF-DFC6-44AD-B75A-FF3B56F8F3CD}.Release|x86.Build.0 = Release|Win32
	EndGlobalSection
	GlobalSection(SolutionProperties) = preSolution
		HideSolutionNode = FALSE
	EndGlobalSection
	GlobalSection(ExtensibilityGlobals) = postSolution
		SolutionGuid = {A4FE8607-D60D-4040-8EF1-E3F391B9A5DC}
	EndGlobalSection
EndGlobal
